
Microsoft Visual Studio Solution File, Format Version 12.00
# Visual Studio Version 17
VisualStudioVersion = 17.3.32929.385
MinimumVisualStudioVersion = 10.0.40219.1
Project("{54A90642-561A-4BB1-A94E-469ADEE60C69}") = "HealthCheck.UI", "HealthCheck.UI\HealthCheck.UI.esproj", "{2302E7A0-B6D4-4921-B548-B49E230448C1}"
EndProject
Global
	GlobalSection(SolutionConfigurationPlatforms) = preSolution
		Debug|Any CPU = Debug|Any CPU
		Release|Any CPU = Release|Any CPU
	EndGlobalSection
	GlobalSection(ProjectConfigurationPlatforms) = postSolution
		{2302E7A0-B6D4-4921-B548-B49E230448C1}.Debug|Any CPU.ActiveCfg = Debug|Any CPU
		{2302E7A0-B6D4-4921-B548-B49E230448C1}.Debug|Any CPU.Build.0 = Debug|Any CPU
		{2302E7A0-B6D4-4921-B548-B49E230448C1}.Debug|Any CPU.Deploy.0 = Debug|Any CPU
		{2302E7A0-B6D4-4921-B548-B49E230448C1}.Release|Any CPU.ActiveCfg = Release|Any CPU
		{2302E7A0-B6D4-4921-B548-B49E230448C1}.Release|Any CPU.Build.0 = Release|Any CPU
		{2302E7A0-B6D4-4921-B548-B49E230448C1}.Release|Any CPU.Deploy.0 = Release|Any CPU
	EndGlobalSection
	GlobalSection(SolutionProperties) = preSolution
		HideSolutionNode = FALSE
	EndGlobalSection
	GlobalSection(ExtensibilityGlobals) = postSolution
		SolutionGuid = {941D4399-1151-453E-9F5C-BE0215154696}
	EndGlobalSection
EndGlobal
